
Microsoft Visual Studio Solution File, Format Version 12.00
# Visual Studio 15
VisualStudioVersion = 15.0.27130.2027
MinimumVisualStudioVersion = 10.0.40219.1
Project("{FAE04EC0-301F-11D3-BF4B-00C04F79EFBC}") = "NowPlayingV2", "NowPlayingV2\NowPlayingV2.csproj", "{C566EADD-660D-44FF-A584-F7B9EAE6D2BB}"
EndProject
Project("{FAE04EC0-301F-11D3-BF4B-00C04F79EFBC}") = "MusicBeeNPPlugin", "MusicBeeNPPlugin\MusicBeeNPPlugin.csproj", "{7427989B-3C52-492B-813E-68C105AE4E04}"
EndProject
Project("{FAE04EC0-301F-11D3-BF4B-00C04F79EFBC}") = "NowPlayingV2UTest", "NowPlayingV2UTest\NowPlayingV2UTest.csproj", "{CEC059EA-F787-47BE-8503-E2D6BB0484B5}"
EndProject
Project("{FAE04EC0-301F-11D3-BF4B-00C04F79EFBC}") = "iTunesNPPlugin", "iTunesNPPlugin\iTunesNPPlugin.csproj", "{7CE43F7A-2BF9-4B89-B306-B8CA8F95D39F}"
EndProject
Project("{FAE04EC0-301F-11D3-BF4B-00C04F79EFBC}") = "FluentWPF", "FluentWPF\FluentWPF\FluentWPF.csproj", "{061B1DD9-815B-437F-8CD6-D20923BC0AF4}"
EndProject
Global
	GlobalSection(SolutionConfigurationPlatforms) = preSolution
		Debug|Any CPU = Debug|Any CPU
		Release|Any CPU = Release|Any CPU
	EndGlobalSection
	GlobalSection(ProjectConfigurationPlatforms) = postSolution
		{C566EADD-660D-44FF-A584-F7B9EAE6D2BB}.Debug|Any CPU.ActiveCfg = Debug|Any CPU
		{C566EADD-660D-44FF-A584-F7B9EAE6D2BB}.Debug|Any CPU.Build.0 = Debug|Any CPU
		{C566EADD-660D-44FF-A584-F7B9EAE6D2BB}.Release|Any CPU.ActiveCfg = Release|Any CPU
		{C566EADD-660D-44FF-A584-F7B9EAE6D2BB}.Release|Any CPU.Build.0 = Release|Any CPU
		{7427989B-3C52-492B-813E-68C105AE4E04}.Debug|Any CPU.ActiveCfg = Debug|Any CPU
		{7427989B-3C52-492B-813E-68C105AE4E04}.Debug|Any CPU.Build.0 = Debug|Any CPU
		{7427989B-3C52-492B-813E-68C105AE4E04}.Release|Any CPU.ActiveCfg = Release|Any CPU
		{7427989B-3C52-492B-813E-68C105AE4E04}.Release|Any CPU.Build.0 = Release|Any CPU
		{CEC059EA-F787-47BE-8503-E2D6BB0484B5}.Debug|Any CPU.ActiveCfg = Debug|Any CPU
		{CEC059EA-F787-47BE-8503-E2D6BB0484B5}.Debug|Any CPU.Build.0 = Debug|Any CPU
		{CEC059EA-F787-47BE-8503-E2D6BB0484B5}.Release|Any CPU.ActiveCfg = Release|Any CPU
		{CEC059EA-F787-47BE-8503-E2D6BB0484B5}.Release|Any CPU.Build.0 = Release|Any CPU
		{7CE43F7A-2BF9-4B89-B306-B8CA8F95D39F}.Debug|Any CPU.ActiveCfg = Debug|Any CPU
		{7CE43F7A-2BF9-4B89-B306-B8CA8F95D39F}.Debug|Any CPU.Build.0 = Debug|Any CPU
		{7CE43F7A-2BF9-4B89-B306-B8CA8F95D39F}.Release|Any CPU.ActiveCfg = Release|Any CPU
		{7CE43F7A-2BF9-4B89-B306-B8CA8F95D39F}.Release|Any CPU.Build.0 = Release|Any CPU
		{061B1DD9-815B-437F-8CD6-D20923BC0AF4}.Debug|Any CPU.ActiveCfg = Debug|Any CPU
		{061B1DD9-815B-437F-8CD6-D20923BC0AF4}.Debug|Any CPU.Build.0 = Debug|Any CPU
		{061B1DD9-815B-437F-8CD6-D20923BC0AF4}.Release|Any CPU.ActiveCfg = Release|Any CPU
		{061B1DD9-815B-437F-8CD6-D20923BC0AF4}.Release|Any CPU.Build.0 = Release|Any CPU
	EndGlobalSection
	GlobalSection(SolutionProperties) = preSolution
		HideSolutionNode = FALSE
	EndGlobalSection
	GlobalSection(ExtensibilityGlobals) = postSolution
		SolutionGuid = {252FC4F9-2C94-4B56-82B4-5728F7899231}
	EndGlobalSection
EndGlobal
